{"sessionId":"0cfcdc97-50a0-4799-bd66-73465dafb9f7","pid":2531745,"acquiredAt":1773650653489}nerating… (8m 39s · ↑ 169 tokens · thought for 1s)
  ⎿  ◻ 创建 tactile_foresight 项目目录结构            
                                              
● How is Claude doing this session? (optional)
  1: Bad    2: Fine   3: Good   0: Dismiss
                                            